
Microsoft Visual Studio Solution File, Format Version 12.00
Project("{FAE04EC0-301F-11D3-BF4B-00C04F79EFBC}") = "CalendarNotifier.Worker", "CalendarNotifier.Worker\CalendarNotifier.Worker.csproj", "{1D4C7667-BA6C-467A-9FEC-06FE84BCED6F}"
EndProject
Project("{FAE04EC0-301F-11D3-BF4B-00C04F79EFBC}") = "CalendarNotifier.NotificationWorker", "CalendarNotifier.NotificationWorker\CalendarNotifier.NotificationWorker.csproj", "{5D662954-E09D-4221-BB7D-D41EF09FB74B}"
EndProject
Project("{FAE04EC0-301F-11D3-BF4B-00C04F79EFBC}") = "CalendarNotifier.Messaging", "CalendarNotifier.Messaging\CalendarNotifier.Messaging.csproj", "{31756AB7-F908-4A30-91C1-6B38A0C7A07C}"
EndProject
Global
	GlobalSection(SolutionConfigurationPlatforms) = preSolution
		Debug|Any CPU = Debug|Any CPU
		Debug|x64 = Debug|x64
		Debug|x86 = Debug|x86
		Release|Any CPU = Release|Any CPU
		Release|x64 = Release|x64
		Release|x86 = Release|x86
	EndGlobalSection
	GlobalSection(ProjectConfigurationPlatforms) = postSolution
		{1D4C7667-BA6C-467A-9FEC-06FE84BCED6F}.Debug|Any CPU.ActiveCfg = Debug|Any CPU
		{1D4C7667-BA6C-467A-9FEC-06FE84BCED6F}.Debug|Any CPU.Build.0 = Debug|Any CPU
		{1D4C7667-BA6C-467A-9FEC-06FE84BCED6F}.Debug|x64.ActiveCfg = Debug|Any CPU
		{1D4C7667-BA6C-467A-9FEC-06FE84BCED6F}.Debug|x64.Build.0 = Debug|Any CPU
		{1D4C7667-BA6C-467A-9FEC-06FE84BCED6F}.Debug|x86.ActiveCfg = Debug|Any CPU
		{1D4C7667-BA6C-467A-9FEC-06FE84BCED6F}.Debug|x86.Build.0 = Debug|Any CPU
		{1D4C7667-BA6C-467A-9FEC-06FE84BCED6F}.Release|Any CPU.ActiveCfg = Release|Any CPU
		{1D4C7667-BA6C-467A-9FEC-06FE84BCED6F}.Release|Any CPU.Build.0 = Release|Any CPU
		{1D4C7667-BA6C-467A-9FEC-06FE84BCED6F}.Release|x64.ActiveCfg = Release|Any CPU
		{1D4C7667-BA6C-467A-9FEC-06FE84BCED6F}.Release|x64.Build.0 = Release|Any CPU
		{1D4C7667-BA6C-467A-9FEC-06FE84BCED6F}.Release|x86.ActiveCfg = Release|Any CPU
		{1D4C7667-BA6C-467A-9FEC-06FE84BCED6F}.Release|x86.Build.0 = Release|Any CPU
		{5D662954-E09D-4221-BB7D-D41EF09FB74B}.Debug|Any CPU.ActiveCfg = Debug|Any CPU
		{5D662954-E09D-4221-BB7D-D41EF09FB74B}.Debug|Any CPU.Build.0 = Debug|Any CPU
		{5D662954-E09D-4221-BB7D-D41EF09FB74B}.Debug|x64.ActiveCfg = Debug|Any CPU
		{5D662954-E09D-4221-BB7D-D41EF09FB74B}.Debug|x64.Build.0 = Debug|Any CPU
		{5D662954-E09D-4221-BB7D-D41EF09FB74B}.Debug|x86.ActiveCfg = Debug|Any CPU
		{5D662954-E09D-4221-BB7D-D41EF09FB74B}.Debug|x86.Build.0 = Debug|Any CPU
		{5D662954-E09D-4221-BB7D-D41EF09FB74B}.Release|Any CPU.ActiveCfg = Release|Any CPU
		{5D662954-E09D-4221-BB7D-D41EF09FB74B}.Release|Any CPU.Build.0 = Release|Any CPU
		{5D662954-E09D-4221-BB7D-D41EF09FB74B}.Release|x64.ActiveCfg = Release|Any CPU
		{5D662954-E09D-4221-BB7D-D41EF09FB74B}.Release|x64.Build.0 = Release|Any CPU
		{5D662954-E09D-4221-BB7D-D41EF09FB74B}.Release|x86.ActiveCfg = Release|Any CPU
		{5D662954-E09D-4221-BB7D-D41EF09FB74B}.Release|x86.Build.0 = Release|Any CPU
		{31756AB7-F908-4A30-91C1-6B38A0C7A07C}.Debug|Any CPU.ActiveCfg = Debug|Any CPU
		{31756AB7-F908-4A30-91C1-6B38A0C7A07C}.Debug|Any CPU.Build.0 = Debug|Any CPU
		{31756AB7-F908-4A30-91C1-6B38A0C7A07C}.Debug|x64.ActiveCfg = Debug|Any CPU
		{31756AB7-F908-4A30-91C1-6B38A0C7A07C}.Debug|x64.Build.0 = Debug|Any CPU
		{31756AB7-F908-4A30-91C1-6B38A0C7A07C}.Debug|x86.ActiveCfg = Debug|Any CPU
		{31756AB7-F908-4A30-91C1-6B38A0C7A07C}.Debug|x86.Build.0 = Debug|Any CPU
		{31756AB7-F908-4A30-91C1-6B38A0C7A07C}.Release|Any CPU.ActiveCfg = Release|Any CPU
		{31756AB7-F908-4A30-91C1-6B38A0C7A07C}.Release|Any CPU.Build.0 = Release|Any CPU
		{31756AB7-F908-4A30-91C1-6B38A0C7A07C}.Release|x64.ActiveCfg = Release|Any CPU
		{31756AB7-F908-4A30-91C1-6B38A0C7A07C}.Release|x64.Build.0 = Release|Any CPU
		{31756AB7-F908-4A30-91C1-6B38A0C7A07C}.Release|x86.ActiveCfg = Release|Any CPU
		{31756AB7-F908-4A30-91C1-6B38A0C7A07C}.Release|x86.Build.0 = Release|Any CPU
	EndGlobalSection
	GlobalSection(SolutionProperties) = preSolution
		HideSolutionNode = FALSE
	EndGlobalSection
EndGlobal
